
Microsoft Visual Studio Solution File, Format Version 12.00
# Visual Studio Version 16
VisualStudioVersion = 25.0.1705.0
MinimumVisualStudioVersion = 10.0.40219.1
Project("{FAE04EC0-301F-11D3-BF4B-00C04F79EFBC}") = "SuggestionAppUI", "SuggestionAppUI\SuggestionAppUI.csproj", "{7D50F85E-D40B-4E6F-806C-7B0D9EA61FDB}"
EndProject
Project("{FAE04EC0-301F-11D3-BF4B-00C04F79EFBC}") = "SuggestionAppLibrary", "SuggestionAppLibrary\SuggestionAppLibrary.csproj", "{68567A24-91D1-4160-8DF3-A6BBAACABDDA}"
EndProject
Project("{2150E333-8FDC-42A3-9474-1A3956D46DE8}") = "Solution Items", "Solution Items", "{47E76A7D-08E4-4F58-A6B1-A41FEE81E55D}"
	ProjectSection(SolutionItems) = preProject
		.editorconfig = .editorconfig
	EndProjectSection
EndProject
Global
	GlobalSection(SolutionConfigurationPlatforms) = preSolution
		Debug|Any CPU = Debug|Any CPU
		Release|Any CPU = Release|Any CPU
	EndGlobalSection
	GlobalSection(ProjectConfigurationPlatforms) = postSolution
		{7D50F85E-D40B-4E6F-806C-7B0D9EA61FDB}.Debug|Any CPU.ActiveCfg = Debug|Any CPU
		{7D50F85E-D40B-4E6F-806C-7B0D9EA61FDB}.Debug|Any CPU.Build.0 = Debug|Any CPU
		{7D50F85E-D40B-4E6F-806C-7B0D9EA61FDB}.Release|Any CPU.ActiveCfg = Release|Any CPU
		{7D50F85E-D40B-4E6F-806C-7B0D9EA61FDB}.Release|Any CPU.Build.0 = Release|Any CPU
		{68567A24-91D1-4160-8DF3-A6BBAACABDDA}.Debug|Any CPU.ActiveCfg = Debug|Any CPU
		{68567A24-91D1-4160-8DF3-A6BBAACABDDA}.Debug|Any CPU.Build.0 = Debug|Any CPU
		{68567A24-91D1-4160-8DF3-A6BBAACABDDA}.Release|Any CPU.ActiveCfg = Release|Any CPU
		{68567A24-91D1-4160-8DF3-A6BBAACABDDA}.Release|Any CPU.Build.0 = Release|Any CPU
	EndGlobalSection
	GlobalSection(SolutionProperties) = preSolution
		HideSolutionNode = FALSE
	EndGlobalSection
	GlobalSection(ExtensibilityGlobals) = postSolution
		SolutionGuid = {E6449554-2B5E-4DD2-8F6A-AC095036546F}
	EndGlobalSection
EndGlobal
